
Microsoft Visual Studio Solution File, Format Version 12.00
# Visual Studio 15
VisualStudioVersion = 15.0.27004.2010
MinimumVisualStudioVersion = 10.0.40219.1
Project("{FAE04EC0-301F-11D3-BF4B-00C04F79EFBC}") = "WebApplicationNewsUkraine", "WebApplicationNewsUkraine\WebApplicationNewsUkraine.csproj", "{D03377F4-4C5B-4314-955D-3AECF14FC046}"
EndProject
Global
	GlobalSection(SolutionConfigurationPlatforms) = preSolution
		Debug|Any CPU = Debug|Any CPU
		Release|Any CPU = Release|Any CPU
	EndGlobalSection
	GlobalSection(ProjectConfigurationPlatforms) = postSolution
		{D03377F4-4C5B-4314-955D-3AECF14FC046}.Debug|Any CPU.ActiveCfg = Debug|Any CPU
		{D03377F4-4C5B-4314-955D-3AECF14FC046}.Debug|Any CPU.Build.0 = Debug|Any CPU
		{D03377F4-4C5B-4314-955D-3AECF14FC046}.Release|Any CPU.ActiveCfg = Release|Any CPU
		{D03377F4-4C5B-4314-955D-3AECF14FC046}.Release|Any CPU.Build.0 = Release|Any CPU
	EndGlobalSection
	GlobalSection(SolutionProperties) = preSolution
		HideSolutionNode = FALSE
	EndGlobalSection
	GlobalSection(ExtensibilityGlobals) = postSolution
		SolutionGuid = {39891C75-1800-4AF5-BA8E-DE5BD530A035}
	EndGlobalSection
EndGlobal
